
Microsoft Visual Studio Solution File, Format Version 12.00
# Visual Studio Version 16
VisualStudioVersion = 16.0.33027.164
MinimumVisualStudioVersion = 10.0.40219.1
Project("{FAE04EC0-301F-11D3-BF4B-00C04F79EFBC}") = "Student_Grade_System", "Student_Grade_System\Student_Grade_System.csproj", "{D12D47B8-225B-4FE5-B01D-F95FF6C08ABB}"
EndProject
Global
	GlobalSection(SolutionConfigurationPlatforms) = preSolution
		Debug|Any CPU = Debug|Any CPU
		Release|Any CPU = Release|Any CPU
	EndGlobalSection
	GlobalSection(ProjectConfigurationPlatforms) = postSolution
		{D12D47B8-225B-4FE5-B01D-F95FF6C08ABB}.Debug|Any CPU.ActiveCfg = Debug|Any CPU
		{D12D47B8-225B-4FE5-B01D-F95FF6C08ABB}.Debug|Any CPU.Build.0 = Debug|Any CPU
		{D12D47B8-225B-4FE5-B01D-F95FF6C08ABB}.Release|Any CPU.ActiveCfg = Release|Any CPU
		{D12D47B8-225B-4FE5-B01D-F95FF6C08ABB}.Release|Any CPU.Build.0 = Release|Any CPU
	EndGlobalSection
	GlobalSection(SolutionProperties) = preSolution
		HideSolutionNode = FALSE
	EndGlobalSection
	GlobalSection(ExtensibilityGlobals) = postSolution
		SolutionGuid = {82130E36-5CBE-4C52-BFDF-AF384D7C5BFF}
	EndGlobalSection
EndGlobal
